
Microsoft Visual Studio Solution File, Format Version 12.00
# Visual Studio Version 16
VisualStudioVersion = 16.0.30517.126
MinimumVisualStudioVersion = 10.0.40219.1
Project("{8BC9CEB8-8B4A-11D0-8D11-00A0C91BC942}") = "3_19_解方程", "ConsoleApplication1\ConsoleApplication1.vcxproj", "{C14D4786-032A-456D-BDBE-E893C6DA6622}"
EndProject
Project("{8BC9CEB8-8B4A-11D0-8D11-00A0C91BC942}") = "乒乓球比赛一", "乒乓球比赛一\乒乓球比赛一.vcxproj", "{0A79DBCA-45A3-486E-B1E2-F46841F18601}"
EndProject
Project("{8BC9CEB8-8B4A-11D0-8D11-00A0C91BC942}") = "2_3_幂运算", "2_3_幂运算\2_3_幂运算.vcxproj", "{73DAB631-EDC5-4D71-A07E-15B91246BF51}"
EndProject
Project("{8BC9CEB8-8B4A-11D0-8D11-00A0C91BC942}") = "2_6_位数对调", "2_6_位数对调\2_6_位数对调.vcxproj", "{98E8FCCF-B62E-4737-871B-6E0CD0C09387}"
EndProject
Project("{8BC9CEB8-8B4A-11D0-8D11-00A0C91BC942}") = "3_9_符合要求的数字", "3_9_符合要求的数字\3_9_符合要求的数字.vcxproj", "{A108AD04-5B5A-4061-9C4D-EAEB90BF0FA8}"
EndProject
Project("{8BC9CEB8-8B4A-11D0-8D11-00A0C91BC942}") = "3_17_实心菱形", "3_17_实心菱形\3_17_实心菱形.vcxproj", "{4C499D5E-26E1-4625-AFBF-12B6CD4919C7}"
EndProject
Project("{8BC9CEB8-8B4A-11D0-8D11-00A0C91BC942}") = "打印方格（二）", "打印方格（二）\打印方格（二）.vcxproj", "{CB0806C2-9D06-4441-8FCB-5799642E2155}"
EndProject
Project("{8BC9CEB8-8B4A-11D0-8D11-00A0C91BC942}") = "3_2_密码文", "3_2_密码文\3_2_密码文.vcxproj", "{D0146071-25BB-4E7F-A3CD-27E6C86DF3FD}"
EndProject
Project("{8BC9CEB8-8B4A-11D0-8D11-00A0C91BC942}") = "3_2_密码文classic", "3_2_密码文classic\3_2_密码文classic.vcxproj", "{A5317F3A-542B-4D57-ACEE-EDF0DE59A767}"
EndProject
Project("{8BC9CEB8-8B4A-11D0-8D11-00A0C91BC942}") = "Test", "Test\Test.vcxproj", "{CCCC308C-154D-46E8-99CD-9CC6ED85C45B}"
EndProject
Project("{8BC9CEB8-8B4A-11D0-8D11-00A0C91BC942}") = "模拟1", "模拟1\模拟1.vcxproj", "{99FE92EA-AE56-42FB-92E1-AC88934614CF}"
EndProject
Project("{8BC9CEB8-8B4A-11D0-8D11-00A0C91BC942}") = "模拟2", "模拟2\模拟2.vcxproj", "{A4303213-C3A6-44E1-9AC0-81558E26987D}"
EndProject
Project("{8BC9CEB8-8B4A-11D0-8D11-00A0C91BC942}") = "2_7_数字拆分", "2_7_数字拆分\2_7_数字拆分.vcxproj", "{5F891096-4B97-457E-A372-F099E29D97F1}"
EndProject
Project("{8BC9CEB8-8B4A-11D0-8D11-00A0C91BC942}") = "4_2_哥德巴赫猜想", "4_2_哥德巴赫猜想\4_2_哥德巴赫猜想.vcxproj", "{3E7BAA11-BA67-4543-A56B-9C318F4E59F9}"
EndProject
Project("{8BC9CEB8-8B4A-11D0-8D11-00A0C91BC942}") = "4_5_求幂值", "4_5_求幂值\4_5_求幂值.vcxproj", "{E96ABD8D-B58C-4145-B588-45C771AD77A0}"
EndProject
Project("{8BC9CEB8-8B4A-11D0-8D11-00A0C91BC942}") = "3_11_最大公约数和最小公倍数、", "3_11_最大公约数和最小公倍数、\3_11_最大公约数和最小公倍数、.vcxproj", "{B8684196-F2B9-4E15-9CC3-E654310306EC}"
EndProject
Project("{8BC9CEB8-8B4A-11D0-8D11-00A0C91BC942}") = "4_12_遍历搜寻", "4_12_遍历搜寻\4_12_遍历搜寻.vcxproj", "{BDC92F29-2DE1-4C7A-8755-DAE6E16B663F}"
EndProject
Project("{8BC9CEB8-8B4A-11D0-8D11-00A0C91BC942}") = "每行的最大值", "每行的最大值\每行的最大值.vcxproj", "{C93CAEB8-F1FF-49C3-973C-DD8D991DC394}"
EndProject
Project("{8BC9CEB8-8B4A-11D0-8D11-00A0C91BC942}") = "5_1_设计函数fun", "5_1_设计函数fun\5_1_设计函数fun.vcxproj", "{27E0687E-AB3A-4C15-A667-873522A31A89}"
EndProject
Project("{8BC9CEB8-8B4A-11D0-8D11-00A0C91BC942}") = "5_3_设计函数getDays", "5_3_设计函数getDays\5_3_设计函数getDays.vcxproj", "{EF0D7A3E-9D7F-4FCA-8F5D-1D08A4ADFDDE}"
EndProject
Project("{8BC9CEB8-8B4A-11D0-8D11-00A0C91BC942}") = "5_4_设计函数getDigit", "5_4_设计函数getDigit\5_4_设计函数getDigit.vcxproj", "{32F99AED-43FA-4E06-833E-194A27EA39C9}"
EndProject
Project("{8BC9CEB8-8B4A-11D0-8D11-00A0C91BC942}") = "5_5_设计函数reverseNum", "5_5_设计函数reverseNum\5_5_设计函数reverseNum.vcxproj", "{FE4647AE-F0B8-4C23-8513-880A3D12B44D}"
EndProject
Project("{8BC9CEB8-8B4A-11D0-8D11-00A0C91BC942}") = "5_6_设计函数mypow", "5_6_设计函数mypow\5_6_设计函数mypow.vcxproj", "{32729163-B2C4-420F-9ED6-3D3EAD32F34F}"
EndProject
Project("{8BC9CEB8-8B4A-11D0-8D11-00A0C91BC942}") = "5_10_设计函数judgeTriangle", "5_10_设计函数judgeTriangle\5_10_设计函数judgeTriangle.vcxproj", "{22F25E38-C476-4A89-A6D6-22B3DE5B827E}"
EndProject
Project("{8BC9CEB8-8B4A-11D0-8D11-00A0C91BC942}") = "5_11_设计函数isPerfect与printPerfect", "5_11_设计函数isPerfect与printPerfect\5_11_设计函数isPerfect与printPerfect.vcxproj", "{EBC91673-5F1E-4EE3-AA37-546F659E8C08}"
EndProject
Project("{8BC9CEB8-8B4A-11D0-8D11-00A0C91BC942}") = "EX走楼梯", "EX走楼梯\EX走楼梯.vcxproj", "{314E56A4-CDBC-436C-8150-3D28464DB159}"
EndProject
Project("{8BC9CEB8-8B4A-11D0-8D11-00A0C91BC942}") = "整数逆序输出", "6_1_整数逆序输出\6_1_整数逆序输出.vcxproj", "{0CCAF403-C63C-47FD-87AC-D200CDE14918}"
EndProject
Project("{8BC9CEB8-8B4A-11D0-8D11-00A0C91BC942}") = "6_4_二进制转十进制", "6_2_二进制转十进制\6_2_二进制转十进制.vcxproj", "{4B050BA1-C263-4AE8-8008-9109B649CB6E}"
EndProject
Project("{8BC9CEB8-8B4A-11D0-8D11-00A0C91BC942}") = "6_5_二进制的位数", "6_3_二进制的位数\6_3_二进制的位数.vcxproj", "{47DB6B7C-CDD7-43D0-97BC-43740FD82E08}"
EndProject
Project("{8BC9CEB8-8B4A-11D0-8D11-00A0C91BC942}") = "6_7_最大公约数", "6_7_最大公约数\6_7_最大公约数.vcxproj", "{8FCAE275-6387-480D-AB30-DB6E94324F4C}"
EndProject
Project("{8BC9CEB8-8B4A-11D0-8D11-00A0C91BC942}") = "数列求值", "数列求值\数列求值.vcxproj", "{07ADF1AC-4869-462B-9E60-DBA65F5B93F8}"
EndProject
Project("{8BC9CEB8-8B4A-11D0-8D11-00A0C91BC942}") = "6_9_素数分解", "6_9_素数分解\6_9_素数分解.vcxproj", "{6D353520-DCDE-4A26-A81B-742DA0A76FC0}"
EndProject
Project("{8BC9CEB8-8B4A-11D0-8D11-00A0C91BC942}") = "7_1_平均成绩", "7_1_平均成绩\7_1_平均成绩.vcxproj", "{EA2B30FA-32EE-4DD7-B490-43E24329D93D}"
EndProject
Project("{8BC9CEB8-8B4A-11D0-8D11-00A0C91BC942}") = "7_3_奇数偶数", "7_3_奇数偶数\7_3_奇数偶数.vcxproj", "{8E6F5BA1-77F8-4E7A-86F1-0B3DCE8B007B}"
EndProject
Project("{8BC9CEB8-8B4A-11D0-8D11-00A0C91BC942}") = "7_10_数组交换", "7_10_数组交换\7_10_数组交换.vcxproj", "{59E299C3-A3E3-43AD-A797-4293028B985A}"
EndProject
Project("{8BC9CEB8-8B4A-11D0-8D11-00A0C91BC942}") = "7_8_最长平台", "7_8_最长平台\7_8_最长平台.vcxproj", "{B3746627-E05F-4927-85ED-D6B09C32B48F}"
EndProject
Project("{8BC9CEB8-8B4A-11D0-8D11-00A0C91BC942}") = "7_2_数组查找", "7_2_数组查找\7_2_数组查找.vcxproj", "{352D8B5D-0E47-4521-8405-4FBE6E97C120}"
EndProject
Project("{8BC9CEB8-8B4A-11D0-8D11-00A0C91BC942}") = "7_9_发工资", "7_9_发工资\7_9_发工资.vcxproj", "{69147A2A-3514-4DFF-B9DC-76D174553196}"
EndProject
Project("{8BC9CEB8-8B4A-11D0-8D11-00A0C91BC942}") = "冒泡排序", "冒泡排序\冒泡排序.vcxproj", "{38875B7A-DC9A-4340-957C-733866DB4D05}"
EndProject
Project("{8BC9CEB8-8B4A-11D0-8D11-00A0C91BC942}") = "选择排序", "选择排序\选择排序.vcxproj", "{9D3AC3CC-70C4-42FB-9E57-C3DC6A2BA4D3}"
EndProject
Project("{8BC9CEB8-8B4A-11D0-8D11-00A0C91BC942}") = "二分查找", "二分查找\二分查找.vcxproj", "{1BE15F23-B42F-4E40-9FB5-4F3EB2F23B36}"
EndProject
Project("{8BC9CEB8-8B4A-11D0-8D11-00A0C91BC942}") = "9_1_括号匹配", "9_1_括号匹配\9_1_括号匹配.vcxproj", "{6E11377D-93F3-4430-BE4D-8B875CEE2D76}"
EndProject
Project("{8BC9CEB8-8B4A-11D0-8D11-00A0C91BC942}") = "8_1_矩阵转置", "8_1_矩阵转置\8_1_矩阵转置.vcxproj", "{B2494B25-7FD1-4211-81CE-005126DA347D}"
EndProject
Project("{8BC9CEB8-8B4A-11D0-8D11-00A0C91BC942}") = "8_2_推销员的便条", "8_2_推销员的便条\8_2_推销员的便条.vcxproj", "{48922EA2-EC1E-4D4B-B8D5-4E653E581F83}"
EndProject
Project("{8BC9CEB8-8B4A-11D0-8D11-00A0C91BC942}") = "9_8_设计函数delcharfun", "9_8_设计函数delcharfun\9_8_设计函数delcharfun.vcxproj", "{74089CBA-B3D7-4FFD-84B8-FE36BD3147A1}"
EndProject
Project("{8BC9CEB8-8B4A-11D0-8D11-00A0C91BC942}") = "设计函数 locatesubstr", "6-2 设计函数 locatesubstr\6-2 设计函数 locatesubstr.vcxproj", "{FBA8BA01-0223-49F1-B578-863C99FFD9FC}"
EndProject
Project("{8BC9CEB8-8B4A-11D0-8D11-00A0C91BC942}") = "10_5_指针数组初步", "10_5_指针数组初步\10_5_指针数组初步.vcxproj", "{AEECDA64-C209-4201-B475-E3E56B182228}"
EndProject
Project("{8BC9CEB8-8B4A-11D0-8D11-00A0C91BC942}") = "10_7_动态分配内存_1", "10_7_动态分配内存_1\10_7_动态分配内存_1.vcxproj", "{1E528470-F574-4BA7-B8C0-3ACCCA983830}"
EndProject
Project("{8BC9CEB8-8B4A-11D0-8D11-00A0C91BC942}") = "10_7_动态分配内存_2", "10_7_动态分配内存_2\10_7_动态分配内存_2.vcxproj", "{93F6241B-2CF2-4716-A8B3-AACB4919E146}"
EndProject
Project("{8BC9CEB8-8B4A-11D0-8D11-00A0C91BC942}") = "综合成绩排名-结构体", "综合成绩排名-结构体一\综合成绩排名-结构体一.vcxproj", "{12ACAF93-9E04-4359-AAC1-2BE0D8C57E83}"
EndProject
Project("{8BC9CEB8-8B4A-11D0-8D11-00A0C91BC942}") = "10_9_指针数组进阶", "10_9_指针数组进阶\10_9_指针数组进阶.vcxproj", "{E5514B29-4273-475B-B2FF-082C723B142D}"
EndProject
Project("{8BC9CEB8-8B4A-11D0-8D11-00A0C91BC942}") = "11_3_结构排序", "11_3_结构排序\11_3_结构排序.vcxproj", "{1534D030-AAE2-4784-AC0D-8C7F7E549CF7}"
EndProject
Project("{8BC9CEB8-8B4A-11D0-8D11-00A0C91BC942}") = "学生信息管理系统", "学生信息管理系统\学生信息管理系统.vcxproj", "{D8C5147D-0A65-45F9-84F1-95B096F1FD57}"
EndProject
Project("{8BC9CEB8-8B4A-11D0-8D11-00A0C91BC942}") = "10_10_动态数组进阶", "10_10_动态数组进阶\10_10_动态数组进阶.vcxproj", "{A0E6A1C8-C888-421C-AECC-19539905C2EF}"
EndProject
Project("{8BC9CEB8-8B4A-11D0-8D11-00A0C91BC942}") = "11_1_初识结构", "11_1_初识结构\11_1_初识结构.vcxproj", "{7E014230-8780-4751-878B-44B3866A42F2}"
EndProject
Project("{8BC9CEB8-8B4A-11D0-8D11-00A0C91BC942}") = "11_2_初识结构数组", "11_2_初识结构数组\11_2_初识结构数组.vcxproj", "{AA2E25B7-27D1-4369-94B9-ECEDE43E6C36}"
EndProject
Project("{8BC9CEB8-8B4A-11D0-8D11-00A0C91BC942}") = "归并排序", "归并排序\归并排序.vcxproj", "{98F2B2C4-7B5D-41F4-9E16-45601B38F4C7}"
EndProject
Project("{8BC9CEB8-8B4A-11D0-8D11-00A0C91BC942}") = "素数对猜想", "素数对猜想\素数对猜想.vcxproj", "{4D679960-3B99-419F-99A9-73B1E2979469}"
EndProject
Project("{8BC9CEB8-8B4A-11D0-8D11-00A0C91BC942}") = "跟数字一起玩233", "跟数字一起玩233\跟数字一起玩233.vcxproj", "{66980EB1-DB46-442D-B85A-199EEB1C57B8}"
EndProject
Global
	GlobalSection(SolutionConfigurationPlatforms) = preSolution
		Debug|x64 = Debug|x64
		Debug|x86 = Debug|x86
		Release|x64 = Release|x64
		Release|x86 = Release|x86
	EndGlobalSection
	GlobalSection(ProjectConfigurationPlatforms) = postSolution
		{C14D4786-032A-456D-BDBE-E893C6DA6622}.Debug|x64.ActiveCfg = Debug|x64
		{C14D4786-032A-456D-BDBE-E893C6DA6622}.Debug|x64.Build.0 = Debug|x64
		{C14D4786-032A-456D-BDBE-E893C6DA6622}.Debug|x86.ActiveCfg = Debug|Win32
		{C14D4786-032A-456D-BDBE-E893C6DA6622}.Debug|x86.Build.0 = Debug|Win32
		{C14D4786-032A-456D-BDBE-E893C6DA6622}.Release|x64.ActiveCfg = Release|x64
		{C14D4786-032A-456D-BDBE-E893C6DA6622}.Release|x64.Build.0 = Release|x64
		{C14D4786-032A-456D-BDBE-E893C6DA6622}.Release|x86.ActiveCfg = Release|Win32
		{C14D4786-032A-456D-BDBE-E893C6DA6622}.Release|x86.Build.0 = Release|Win32
		{0A79DBCA-45A3-486E-B1E2-F46841F18601}.Debug|x64.ActiveCfg = Debug|x64
		{0A79DBCA-45A3-486E-B1E2-F46841F18601}.Debug|x64.Build.0 = Debug|x64
		{0A79DBCA-45A3-486E-B1E2-F46841F18601}.Debug|x86.ActiveCfg = Debug|Win32
		{0A79DBCA-45A3-486E-B1E2-F46841F18601}.Debug|x86.Build.0 = Debug|Win32
		{0A79DBCA-45A3-486E-B1E2-F46841F18601}.Release|x64.ActiveCfg = Release|x64
		{0A79DBCA-45A3-486E-B1E2-F46841F18601}.Release|x64.Build.0 = Release|x64
		{0A79DBCA-45A3-486E-B1E2-F46841F18601}.Release|x86.ActiveCfg = Release|Win32
		{0A79DBCA-45A3-486E-B1E2-F46841F18601}.Release|x86.Build.0 = Release|Win32
		{73DAB631-EDC5-4D71-A07E-15B91246BF51}.Debug|x64.ActiveCfg = Debug|x64
		{73DAB631-EDC5-4D71-A07E-15B91246BF51}.Debug|x64.Build.0 = Debug|x64
		{73DAB631-EDC5-4D71-A07E-15B91246BF51}.Debug|x86.ActiveCfg = Debug|Win32
		{73DAB631-EDC5-4D71-A07E-15B91246BF51}.Debug|x86.Build.0 = Debug|Win32
		{73DAB631-EDC5-4D71-A07E-15B91246BF51}.Release|x64.ActiveCfg = Release|x64
		{73DAB631-EDC5-4D71-A07E-15B91246BF51}.Release|x64.Build.0 = Release|x64
		{73DAB631-EDC5-4D71-A07E-15B91246BF51}.Release|x86.ActiveCfg = Release|Win32
		{73DAB631-EDC5-4D71-A07E-15B91246BF51}.Release|x86.Build.0 = Release|Win32
		{98E8FCCF-B62E-4737-871B-6E0CD0C09387}.Debug|x64.ActiveCfg = Debug|x64
		{98E8FCCF-B62E-4737-871B-6E0CD0C09387}.Debug|x64.Build.0 = Debug|x64
		{98E8FCCF-B62E-4737-871B-6E0CD0C09387}.Debug|x86.ActiveCfg = Debug|Win32
		{98E8FCCF-B62E-4737-871B-6E0CD0C09387}.Debug|x86.Build.0 = Debug|Win32
		{98E8FCCF-B62E-4737-871B-6E0CD0C09387}.Release|x64.ActiveCfg = Release|x64
		{98E8FCCF-B62E-4737-871B-6E0CD0C09387}.Release|x64.Build.0 = Release|x64
		{98E8FCCF-B62E-4737-871B-6E0CD0C09387}.Release|x86.ActiveCfg = Release|Win32
		{98E8FCCF-B62E-4737-871B-6E0CD0C09387}.Release|x86.Build.0 = Release|Win32
		{A108AD04-5B5A-4061-9C4D-EAEB90BF0FA8}.Debug|x64.ActiveCfg = Debug|x64
		{A108AD04-5B5A-4061-9C4D-EAEB90BF0FA8}.Debug|x64.Build.0 = Debug|x64
		{A108AD04-5B5A-4061-9C4D-EAEB90BF0FA8}.Debug|x86.ActiveCfg = Debug|Win32
		{A108AD04-5B5A-4061-9C4D-EAEB90BF0FA8}.Debug|x86.Build.0 = Debug|Win32
		{A108AD04-5B5A-4061-9C4D-EAEB90BF0FA8}.Release|x64.ActiveCfg = Release|x64
		{A108AD04-5B5A-4061-9C4D-EAEB90BF0FA8}.Release|x64.Build.0 = Release|x64
		{A108AD04-5B5A-4061-9C4D-EAEB90BF0FA8}.Release|x86.ActiveCfg = Release|Win32
		{A108AD04-5B5A-4061-9C4D-EAEB90BF0FA8}.Release|x86.Build.0 = Release|Win32
		{4C499D5E-26E1-4625-AFBF-12B6CD4919C7}.Debug|x64.ActiveCfg = Debug|x64
		{4C499D5E-26E1-4625-AFBF-12B6CD4919C7}.Debug|x64.Build.0 = Debug|x64
		{4C499D5E-26E1-4625-AFBF-12B6CD4919C7}.Debug|x86.ActiveCfg = Debug|Win32
		{4C499D5E-26E1-4625-AFBF-12B6CD4919C7}.Debug|x86.Build.0 = Debug|Win32
		{4C499D5E-26E1-4625-AFBF-12B6CD4919C7}.Release|x64.ActiveCfg = Release|x64
		{4C499D5E-26E1-4625-AFBF-12B6CD4919C7}.Release|x64.Build.0 = Release|x64
		{4C499D5E-26E1-4625-AFBF-12B6CD4919C7}.Release|x86.ActiveCfg = Release|Win32
		{4C499D5E-26E1-4625-AFBF-12B6CD4919C7}.Release|x86.Build.0 = Release|Win32
		{CB0806C2-9D06-4441-8FCB-5799642E2155}.Debug|x64.ActiveCfg = Debug|x64
		{CB0806C2-9D06-4441-8FCB-5799642E2155}.Debug|x64.Build.0 = Debug|x64
		{CB0806C2-9D06-4441-8FCB-5799642E2155}.Debug|x86.ActiveCfg = Debug|Win32
		{CB0806C2-9D06-4441-8FCB-5799642E2155}.Debug|x86.Build.0 = Debug|Win32
		{CB0806C2-9D06-4441-8FCB-5799642E2155}.Release|x64.ActiveCfg = Release|x64
		{CB0806C2-9D06-4441-8FCB-5799642E2155}.Release|x64.Build.0 = Release|x64
		{CB0806C2-9D06-4441-8FCB-5799642E2155}.Release|x86.ActiveCfg = Release|Win32
		{CB0806C2-9D06-4441-8FCB-5799642E2155}.Release|x86.Build.0 = Release|Win32
		{D0146071-25BB-4E7F-A3CD-27E6C86DF3FD}.Debug|x64.ActiveCfg = Debug|x64
		{D0146071-25BB-4E7F-A3CD-27E6C86DF3FD}.Debug|x64.Build.0 = Debug|x64
		{D0146071-25BB-4E7F-A3CD-27E6C86DF3FD}.Debug|x86.ActiveCfg = Debug|Win32
		{D0146071-25BB-4E7F-A3CD-27E6C86DF3FD}.Debug|x86.Build.0 = Debug|Win32
		{D0146071-25BB-4E7F-A3CD-27E6C86DF3FD}.Release|x64.ActiveCfg = Release|x64
		{D0146071-25BB-4E7F-A3CD-27E6C86DF3FD}.Release|x64.Build.0 = Release|x64
		{D0146071-25BB-4E7F-A3CD-27E6C86DF3FD}.Release|x86.ActiveCfg = Release|Win32
		{D0146071-25BB-4E7F-A3CD-27E6C86DF3FD}.Release|x86.Build.0 = Release|Win32
		{A5317F3A-542B-4D57-ACEE-EDF0DE59A767}.Debug|x64.ActiveCfg = Debug|x64
		{A5317F3A-542B-4D57-ACEE-EDF0DE59A767}.Debug|x64.Build.0 = Debug|x64
		{A5317F3A-542B-4D57-ACEE-EDF0DE59A767}.Debug|x86.ActiveCfg = Debug|Win32
		{A5317F3A-542B-4D57-ACEE-EDF0DE59A767}.Debug|x86.Build.0 = Debug|Win32
		{A5317F3A-542B-4D57-ACEE-EDF0DE59A767}.Release|x64.ActiveCfg = Release|x64
		{A5317F3A-542B-4D57-ACEE-EDF0DE59A767}.Release|x64.Build.0 = Release|x64
		{A5317F3A-542B-4D57-ACEE-EDF0DE59A767}.Release|x86.ActiveCfg = Release|Win32
		{A5317F3A-542B-4D57-ACEE-EDF0DE59A767}.Release|x86.Build.0 = Release|Win32
		{CCCC308C-154D-46E8-99CD-9CC6ED85C45B}.Debug|x64.ActiveCfg = Debug|x64
		{CCCC308C-154D-46E8-99CD-9CC6ED85C45B}.Debug|x64.Build.0 = Debug|x64
		{CCCC308C-154D-46E8-99CD-9CC6ED85C45B}.Debug|x86.ActiveCfg = Debug|Win32
		{CCCC308C-154D-46E8-99CD-9CC6ED85C45B}.Debug|x86.Build.0 = Debug|Win32
		{CCCC308C-154D-46E8-99CD-9CC6ED85C45B}.Release|x64.ActiveCfg = Release|x64
		{CCCC308C-154D-46E8-99CD-9CC6ED85C45B}.Release|x64.Build.0 = Release|x64
		{CCCC308C-154D-46E8-99CD-9CC6ED85C45B}.Release|x86.ActiveCfg = Release|Win32
		{CCCC308C-154D-46E8-99CD-9CC6ED85C45B}.Release|x86.Build.0 = Release|Win32
		{99FE92EA-AE56-42FB-92E1-AC88934614CF}.Debug|x64.ActiveCfg = Debug|x64
		{99FE92EA-AE56-42FB-92E1-AC88934614CF}.Debug|x64.Build.0 = Debug|x64
		{99FE92EA-AE56-42FB-92E1-AC88934614CF}.Debug|x86.ActiveCfg = Debug|Win32
		{99FE92EA-AE56-42FB-92E1-AC88934614CF}.Debug|x86.Build.0 = Debug|Win32
		{99FE92EA-AE56-42FB-92E1-AC88934614CF}.Release|x64.ActiveCfg = Release|x64
		{99FE92EA-AE56-42FB-92E1-AC88934614CF}.Release|x64.Build.0 = Release|x64
		{99FE92EA-AE56-42FB-92E1-AC88934614CF}.Release|x86.ActiveCfg = Release|Win32
		{99FE92EA-AE56-42FB-92E1-AC88934614CF}.Release|x86.Build.0 = Release|Win32
		{A4303213-C3A6-44E1-9AC0-81558E26987D}.Debug|x64.ActiveCfg = Debug|x64
		{A4303213-C3A6-44E1-9AC0-81558E26987D}.Debug|x64.Build.0 = Debug|x64
		{A4303213-C3A6-44E1-9AC0-81558E26987D}.Debug|x86.ActiveCfg = Debug|Win32
		{A4303213-C3A6-44E1-9AC0-81558E26987D}.Debug|x86.Build.0 = Debug|Win32
		{A4303213-C3A6-44E1-9AC0-81558E26987D}.Release|x64.ActiveCfg = Release|x64
		{A4303213-C3A6-44E1-9AC0-81558E26987D}.Release|x64.Build.0 = Release|x64
		{A4303213-C3A6-44E1-9AC0-81558E26987D}.Release|x86.ActiveCfg = Release|Win32
		{A4303213-C3A6-44E1-9AC0-81558E26987D}.Release|x86.Build.0 = Release|Win32
		{5F891096-4B97-457E-A372-F099E29D97F1}.Debug|x64.ActiveCfg = Debug|x64
		{5F891096-4B97-457E-A372-F099E29D97F1}.Debug|x64.Build.0 = Debug|x64
		{5F891096-4B97-457E-A372-F099E29D97F1}.Debug|x86.ActiveCfg = Debug|Win32
		{5F891096-4B97-457E-A372-F099E29D97F1}.Debug|x86.Build.0 = Debug|Win32
		{5F891096-4B97-457E-A372-F099E29D97F1}.Release|x64.ActiveCfg = Release|x64
		{5F891096-4B97-457E-A372-F099E29D97F1}.Release|x64.Build.0 = Release|x64
		{5F891096-4B97-457E-A372-F099E29D97F1}.Release|x86.ActiveCfg = Release|Win32
		{5F891096-4B97-457E-A372-F099E29D97F1}.Release|x86.Build.0 = Release|Win32
		{3E7BAA11-BA67-4543-A56B-9C318F4E59F9}.Debug|x64.ActiveCfg = Debug|x64
		{3E7BAA11-BA67-4543-A56B-9C318F4E59F9}.Debug|x64.Build.0 = Debug|x64
		{3E7BAA11-BA67-4543-A56B-9C318F4E59F9}.Debug|x86.ActiveCfg = Debug|Win32
		{3E7BAA11-BA67-4543-A56B-9C318F4E59F9}.Debug|x86.Build.0 = Debug|Win32
		{3E7BAA11-BA67-4543-A56B-9C318F4E59F9}.Release|x64.ActiveCfg = Release|x64
		{3E7BAA11-BA67-4543-A56B-9C318F4E59F9}.Release|x64.Build.0 = Release|x64
		{3E7BAA11-BA67-4543-A56B-9C318F4E59F9}.Release|x86.ActiveCfg = Release|Win32
		{3E7BAA11-BA67-4543-A56B-9C318F4E59F9}.Release|x86.Build.0 = Release|Win32
		{E96ABD8D-B58C-4145-B588-45C771AD77A0}.Debug|x64.ActiveCfg = Debug|x64
		{E96ABD8D-B58C-4145-B588-45C771AD77A0}.Debug|x64.Build.0 = Debug|x64
		{E96ABD8D-B58C-4145-B588-45C771AD77A0}.Debug|x86.ActiveCfg = Debug|Win32
		{E96ABD8D-B58C-4145-B588-45C771AD77A0}.Debug|x86.Build.0 = Debug|Win32
		{E96ABD8D-B58C-4145-B588-45C771AD77A0}.Release|x64.ActiveCfg = Release|x64
		{E96ABD8D-B58C-4145-B588-45C771AD77A0}.Release|x64.Build.0 = Release|x64
		{E96ABD8D-B58C-4145-B588-45C771AD77A0}.Release|x86.ActiveCfg = Release|Win32
		{E96ABD8D-B58C-4145-B588-45C771AD77A0}.Release|x86.Build.0 = Release|Win32
		{B8684196-F2B9-4E15-9CC3-E654310306EC}.Debug|x64.ActiveCfg = Debug|x64
		{B8684196-F2B9-4E15-9CC3-E654310306EC}.Debug|x64.Build.0 = Debug|x64
		{B8684196-F2B9-4E15-9CC3-E654310306EC}.Debug|x86.ActiveCfg = Debug|Win32
		{B8684196-F2B9-4E15-9CC3-E654310306EC}.Debug|x86.Build.0 = Debug|Win32
		{B8684196-F2B9-4E15-9CC3-E654310306EC}.Release|x64.ActiveCfg = Release|x64
		{B8684196-F2B9-4E15-9CC3-E654310306EC}.Release|x64.Build.0 = Release|x64
		{B8684196-F2B9-4E15-9CC3-E654310306EC}.Release|x86.ActiveCfg = Release|Win32
		{B8684196-F2B9-4E15-9CC3-E654310306EC}.Release|x86.Build.0 = Release|Win32
		{BDC92F29-2DE1-4C7A-8755-DAE6E16B663F}.Debug|x64.ActiveCfg = Debug|x64
		{BDC92F29-2DE1-4C7A-8755-DAE6E16B663F}.Debug|x64.Build.0 = Debug|x64
		{BDC92F29-2DE1-4C7A-8755-DAE6E16B663F}.Debug|x86.ActiveCfg = Debug|Win32
		{BDC92F29-2DE1-4C7A-8755-DAE6E16B663F}.Debug|x86.Build.0 = Debug|Win32
		{BDC92F29-2DE1-4C7A-8755-DAE6E16B663F}.Release|x64.ActiveCfg = Release|x64
		{BDC92F29-2DE1-4C7A-8755-DAE6E16B663F}.Release|x64.Build.0 = Release|x64
		{BDC92F29-2DE1-4C7A-8755-DAE6E16B663F}.Release|x86.ActiveCfg = Release|Win32
		{BDC92F29-2DE1-4C7A-8755-DAE6E16B663F}.Release|x86.Build.0 = Release|Win32
		{C93CAEB8-F1FF-49C3-973C-DD8D991DC394}.Debug|x64.ActiveCfg = Debug|x64
		{C93CAEB8-F1FF-49C3-973C-DD8D991DC394}.Debug|x64.Build.0 = Debug|x64
		{C93CAEB8-F1FF-49C3-973C-DD8D991DC394}.Debug|x86.ActiveCfg = Debug|Win32
		{C93CAEB8-F1FF-49C3-973C-DD8D991DC394}.Debug|x86.Build.0 = Debug|Win32
		{C93CAEB8-F1FF-49C3-973C-DD8D991DC394}.Release|x64.ActiveCfg = Release|x64
		{C93CAEB8-F1FF-49C3-973C-DD8D991DC394}.Release|x64.Build.0 = Release|x64
		{C93CAEB8-F1FF-49C3-973C-DD8D991DC394}.Release|x86.ActiveCfg = Release|Win32
		{C93CAEB8-F1FF-49C3-973C-DD8D991DC394}.Release|x86.Build.0 = Release|Win32
		{27E0687E-AB3A-4C15-A667-873522A31A89}.Debug|x64.ActiveCfg = Debug|x64
		{27E0687E-AB3A-4C15-A667-873522A31A89}.Debug|x64.Build.0 = Debug|x64
		{27E0687E-AB3A-4C15-A667-873522A31A89}.Debug|x86.ActiveCfg = Debug|Win32
		{27E0687E-AB3A-4C15-A667-873522A31A89}.Debug|x86.Build.0 = Debug|Win32
		{27E0687E-AB3A-4C15-A667-873522A31A89}.Release|x64.ActiveCfg = Release|x64
		{27E0687E-AB3A-4C15-A667-873522A31A89}.Release|x64.Build.0 = Release|x64
		{27E0687E-AB3A-4C15-A667-873522A31A89}.Release|x86.ActiveCfg = Release|Win32
		{27E0687E-AB3A-4C15-A667-873522A31A89}.Release|x86.Build.0 = Release|Win32
		{EF0D7A3E-9D7F-4FCA-8F5D-1D08A4ADFDDE}.Debug|x64.ActiveCfg = Debug|x64
		{EF0D7A3E-9D7F-4FCA-8F5D-1D08A4ADFDDE}.Debug|x64.Build.0 = Debug|x64
		{EF0D7A3E-9D7F-4FCA-8F5D-1D08A4ADFDDE}.Debug|x86.ActiveCfg = Debug|Win32
		{EF0D7A3E-9D7F-4FCA-8F5D-1D08A4ADFDDE}.Debug|x86.Build.0 = Debug|Win32
		{EF0D7A3E-9D7F-4FCA-8F5D-1D08A4ADFDDE}.Release|x64.ActiveCfg = Release|x64
		{EF0D7A3E-9D7F-4FCA-8F5D-1D08A4ADFDDE}.Release|x64.Build.0 = Release|x64
		{EF0D7A3E-9D7F-4FCA-8F5D-1D08A4ADFDDE}.Release|x86.ActiveCfg = Release|Win32
		{EF0D7A3E-9D7F-4FCA-8F5D-1D08A4ADFDDE}.Release|x86.Build.0 = Release|Win32
		{32F99AED-43FA-4E06-833E-194A27EA39C9}.Debug|x64.ActiveCfg = Debug|x64
		{32F99AED-43FA-4E06-833E-194A27EA39C9}.Debug|x64.Build.0 = Debug|x64
		{32F99AED-43FA-4E06-833E-194A27EA39C9}.Debug|x86.ActiveCfg = Debug|Win32
		{32F99AED-43FA-4E06-833E-194A27EA39C9}.Debug|x86.Build.0 = Debug|Win32
		{32F99AED-43FA-4E06-833E-194A27EA39C9}.Release|x64.ActiveCfg = Release|x64
		{32F99AED-43FA-4E06-833E-194A27EA39C9}.Release|x64.Build.0 = Release|x64
		{32F99AED-43FA-4E06-833E-194A27EA39C9}.Release|x86.ActiveCfg = Release|Win32
		{32F99AED-43FA-4E06-833E-194A27EA39C9}.Release|x86.Build.0 = Release|Win32
		{FE4647AE-F0B8-4C23-8513-880A3D12B44D}.Debug|x64.ActiveCfg = Debug|x64
		{FE4647AE-F0B8-4C23-8513-880A3D12B44D}.Debug|x64.Build.0 = Debug|x64
		{FE4647AE-F0B8-4C23-8513-880A3D12B44D}.Debug|x86.ActiveCfg = Debug|Win32
		{FE4647AE-F0B8-4C23-8513-880A3D12B44D}.Debug|x86.Build.0 = Debug|Win32
		{FE4647AE-F0B8-4C23-8513-880A3D12B44D}.Release|x64.ActiveCfg = Release|x64
		{FE4647AE-F0B8-4C23-8513-880A3D12B44D}.Release|x64.Build.0 = Release|x64
		{FE4647AE-F0B8-4C23-8513-880A3D12B44D}.Release|x86.ActiveCfg = Release|Win32
		{FE4647AE-F0B8-4C23-8513-880A3D12B44D}.Release|x86.Build.0 = Release|Win32
		{32729163-B2C4-420F-9ED6-3D3EAD32F34F}.Debug|x64.ActiveCfg = Debug|x64
		{32729163-B2C4-420F-9ED6-3D3EAD32F34F}.Debug|x64.Build.0 = Debug|x64
		{32729163-B2C4-420F-9ED6-3D3EAD32F34F}.Debug|x86.ActiveCfg = Debug|Win32
		{32729163-B2C4-420F-9ED6-3D3EAD32F34F}.Debug|x86.Build.0 = Debug|Win32
		{32729163-B2C4-420F-9ED6-3D3EAD32F34F}.Release|x64.ActiveCfg = Release|x64
		{32729163-B2C4-420F-9ED6-3D3EAD32F34F}.Release|x64.Build.0 = Release|x64
		{32729163-B2C4-420F-9ED6-3D3EAD32F34F}.Release|x86.ActiveCfg = Release|Win32
		{32729163-B2C4-420F-9ED6-3D3EAD32F34F}.Release|x86.Build.0 = Release|Win32
		{22F25E38-C476-4A89-A6D6-22B3DE5B827E}.Debug|x64.ActiveCfg = Debug|x64
		{22F25E38-C476-4A89-A6D6-22B3DE5B827E}.Debug|x64.Build.0 = Debug|x64
		{22F25E38-C476-4A89-A6D6-22B3DE5B827E}.Debug|x86.ActiveCfg = Debug|Win32
		{22F25E38-C476-4A89-A6D6-22B3DE5B827E}.Debug|x86.Build.0 = Debug|Win32
		{22F25E38-C476-4A89-A6D6-22B3DE5B827E}.Release|x64.ActiveCfg = Release|x64
		{22F25E38-C476-4A89-A6D6-22B3DE5B827E}.Release|x64.Build.0 = Release|x64
		{22F25E38-C476-4A89-A6D6-22B3DE5B827E}.Release|x86.ActiveCfg = Release|Win32
		{22F25E38-C476-4A89-A6D6-22B3DE5B827E}.Release|x86.Build.0 = Release|Win32
		{EBC91673-5F1E-4EE3-AA37-546F659E8C08}.Debug|x64.ActiveCfg = Debug|x64
		{EBC91673-5F1E-4EE3-AA37-546F659E8C08}.Debug|x64.Build.0 = Debug|x64
		{EBC91673-5F1E-4EE3-AA37-546F659E8C08}.Debug|x86.ActiveCfg = Debug|Win32
		{EBC91673-5F1E-4EE3-AA37-546F659E8C08}.Debug|x86.Build.0 = Debug|Win32
		{EBC91673-5F1E-4EE3-AA37-546F659E8C08}.Release|x64.ActiveCfg = Release|x64
		{EBC91673-5F1E-4EE3-AA37-546F659E8C08}.Release|x64.Build.0 = Release|x64
		{EBC91673-5F1E-4EE3-AA37-546F659E8C08}.Release|x86.ActiveCfg = Release|Win32
		{EBC91673-5F1E-4EE3-AA37-546F659E8C08}.Release|x86.Build.0 = Release|Win32
		{314E56A4-CDBC-436C-8150-3D28464DB159}.Debug|x64.ActiveCfg = Debug|x64
		{314E56A4-CDBC-436C-8150-3D28464DB159}.Debug|x64.Build.0 = Debug|x64
		{314E56A4-CDBC-436C-8150-3D28464DB159}.Debug|x86.ActiveCfg = Debug|Win32
		{314E56A4-CDBC-436C-8150-3D28464DB159}.Debug|x86.Build.0 = Debug|Win32
		{314E56A4-CDBC-436C-8150-3D28464DB159}.Release|x64.ActiveCfg = Release|x64
		{314E56A4-CDBC-436C-8150-3D28464DB159}.Release|x64.Build.0 = Release|x64
		{314E56A4-CDBC-436C-8150-3D28464DB159}.Release|x86.ActiveCfg = Release|Win32
		{314E56A4-CDBC-436C-8150-3D28464DB159}.Release|x86.Build.0 = Release|Win32
		{0CCAF403-C63C-47FD-87AC-D200CDE14918}.Debug|x64.ActiveCfg = Debug|x64
		{0CCAF403-C63C-47FD-87AC-D200CDE14918}.Debug|x64.Build.0 = Debug|x64
		{0CCAF403-C63C-47FD-87AC-D200CDE14918}.Debug|x86.ActiveCfg = Debug|Win32
		{0CCAF403-C63C-47FD-87AC-D200CDE14918}.Debug|x86.Build.0 = Debug|Win32
		{0CCAF403-C63C-47FD-87AC-D200CDE14918}.Release|x64.ActiveCfg = Release|x64
		{0CCAF403-C63C-47FD-87AC-D200CDE14918}.Release|x64.Build.0 = Release|x64
		{0CCAF403-C63C-47FD-87AC-D200CDE14918}.Release|x86.ActiveCfg = Release|Win32
		{0CCAF403-C63C-47FD-87AC-D200CDE14918}.Release|x86.Build.0 = Release|Win32
		{4B050BA1-C263-4AE8-8008-9109B649CB6E}.Debug|x64.ActiveCfg = Debug|x64
		{4B050BA1-C263-4AE8-8008-9109B649CB6E}.Debug|x64.Build.0 = Debug|x64
		{4B050BA1-C263-4AE8-8008-9109B649CB6E}.Debug|x86.ActiveCfg = Debug|Win32
		{4B050BA1-C263-4AE8-8008-9109B649CB6E}.Debug|x86.Build.0 = Debug|Win32
		{4B050BA1-C263-4AE8-8008-9109B649CB6E}.Release|x64.ActiveCfg = Release|x64
		{4B050BA1-C263-4AE8-8008-9109B649CB6E}.Release|x64.Build.0 = Release|x64
		{4B050BA1-C263-4AE8-8008-9109B649CB6E}.Release|x86.ActiveCfg = Release|Win32
		{4B050BA1-C263-4AE8-8008-9109B649CB6E}.Release|x86.Build.0 = Release|Win32
		{47DB6B7C-CDD7-43D0-97BC-43740FD82E08}.Debug|x64.ActiveCfg = Debug|x64
		{47DB6B7C-CDD7-43D0-97BC-43740FD82E08}.Debug|x64.Build.0 = Debug|x64
		{47DB6B7C-CDD7-43D0-97BC-43740FD82E08}.Debug|x86.ActiveCfg = Debug|Win32
		{47DB6B7C-CDD7-43D0-97BC-43740FD82E08}.Debug|x86.Build.0 = Debug|Win32
		{47DB6B7C-CDD7-43D0-97BC-43740FD82E08}.Release|x64.ActiveCfg = Release|x64
		{47DB6B7C-CDD7-43D0-97BC-43740FD82E08}.Release|x64.Build.0 = Release|x64
		{47DB6B7C-CDD7-43D0-97BC-43740FD82E08}.Release|x86.ActiveCfg = Release|Win32
		{47DB6B7C-CDD7-43D0-97BC-43740FD82E08}.Release|x86.Build.0 = Release|Win32
		{8FCAE275-6387-480D-AB30-DB6E94324F4C}.Debug|x64.ActiveCfg = Debug|x64
		{8FCAE275-6387-480D-AB30-DB6E94324F4C}.Debug|x64.Build.0 = Debug|x64
		{8FCAE275-6387-480D-AB30-DB6E94324F4C}.Debug|x86.ActiveCfg = Debug|Win32
		{8FCAE275-6387-480D-AB30-DB6E94324F4C}.Debug|x86.Build.0 = Debug|Win32
		{8FCAE275-6387-480D-AB30-DB6E94324F4C}.Release|x64.ActiveCfg = Release|x64
		{8FCAE275-6387-480D-AB30-DB6E94324F4C}.Release|x64.Build.0 = Release|x64
		{8FCAE275-6387-480D-AB30-DB6E94324F4C}.Release|x86.ActiveCfg = Release|Win32
		{8FCAE275-6387-480D-AB30-DB6E94324F4C}.Release|x86.Build.0 = Release|Win32
		{07ADF1AC-4869-462B-9E60-DBA65F5B93F8}.Debug|x64.ActiveCfg = Debug|x64
		{07ADF1AC-4869-462B-9E60-DBA65F5B93F8}.Debug|x64.Build.0 = Debug|x64
		{07ADF1AC-4869-462B-9E60-DBA65F5B93F8}.Debug|x86.ActiveCfg = Debug|Win32
		{07ADF1AC-4869-462B-9E60-DBA65F5B93F8}.Debug|x86.Build.0 = Debug|Win32
		{07ADF1AC-4869-462B-9E60-DBA65F5B93F8}.Release|x64.ActiveCfg = Release|x64
		{07ADF1AC-4869-462B-9E60-DBA65F5B93F8}.Release|x64.Build.0 = Release|x64
		{07ADF1AC-4869-462B-9E60-DBA65F5B93F8}.Release|x86.ActiveCfg = Release|Win32
		{07ADF1AC-4869-462B-9E60-DBA65F5B93F8}.Release|x86.Build.0 = Release|Win32
		{6D353520-DCDE-4A26-A81B-742DA0A76FC0}.Debug|x64.ActiveCfg = Debug|x64
		{6D353520-DCDE-4A26-A81B-742DA0A76FC0}.Debug|x64.Build.0 = Debug|x64
		{6D353520-DCDE-4A26-A81B-742DA0A76FC0}.Debug|x86.ActiveCfg = Debug|Win32
		{6D353520-DCDE-4A26-A81B-742DA0A76FC0}.Debug|x86.Build.0 = Debug|Win32
		{6D353520-DCDE-4A26-A81B-742DA0A76FC0}.Release|x64.ActiveCfg = Release|x64
		{6D353520-DCDE-4A26-A81B-742DA0A76FC0}.Release|x64.Build.0 = Release|x64
		{6D353520-DCDE-4A26-A81B-742DA0A76FC0}.Release|x86.ActiveCfg = Release|Win32
		{6D353520-DCDE-4A26-A81B-742DA0A76FC0}.Release|x86.Build.0 = Release|Win32
		{EA2B30FA-32EE-4DD7-B490-43E24329D93D}.Debug|x64.ActiveCfg = Debug|x64
		{EA2B30FA-32EE-4DD7-B490-43E24329D93D}.Debug|x64.Build.0 = Debug|x64
		{EA2B30FA-32EE-4DD7-B490-43E24329D93D}.Debug|x86.ActiveCfg = Debug|Win32
		{EA2B30FA-32EE-4DD7-B490-43E24329D93D}.Debug|x86.Build.0 = Debug|Win32
		{EA2B30FA-32EE-4DD7-B490-43E24329D93D}.Release|x64.ActiveCfg = Release|x64
		{EA2B30FA-32EE-4DD7-B490-43E24329D93D}.Release|x64.Build.0 = Release|x64
		{EA2B30FA-32EE-4DD7-B490-43E24329D93D}.Release|x86.ActiveCfg = Release|Win32
		{EA2B30FA-32EE-4DD7-B490-43E24329D93D}.Release|x86.Build.0 = Release|Win32
		{8E6F5BA1-77F8-4E7A-86F1-0B3DCE8B007B}.Debug|x64.ActiveCfg = Debug|x64
		{8E6F5BA1-77F8-4E7A-86F1-0B3DCE8B007B}.Debug|x64.Build.0 = Debug|x64
		{8E6F5BA1-77F8-4E7A-86F1-0B3DCE8B007B}.Debug|x86.ActiveCfg = Debug|Win32
		{8E6F5BA1-77F8-4E7A-86F1-0B3DCE8B007B}.Debug|x86.Build.0 = Debug|Win32
		{8E6F5BA1-77F8-4E7A-86F1-0B3DCE8B007B}.Release|x64.ActiveCfg = Release|x64
		{8E6F5BA1-77F8-4E7A-86F1-0B3DCE8B007B}.Release|x64.Build.0 = Release|x64
		{8E6F5BA1-77F8-4E7A-86F1-0B3DCE8B007B}.Release|x86.ActiveCfg = Release|Win32
		{8E6F5BA1-77F8-4E7A-86F1-0B3DCE8B007B}.Release|x86.Build.0 = Release|Win32
		{59E299C3-A3E3-43AD-A797-4293028B985A}.Debug|x64.ActiveCfg = Debug|x64
		{59E299C3-A3E3-43AD-A797-4293028B985A}.Debug|x64.Build.0 = Debug|x64
		{59E299C3-A3E3-43AD-A797-4293028B985A}.Debug|x86.ActiveCfg = Debug|Win32
		{59E299C3-A3E3-43AD-A797-4293028B985A}.Debug|x86.Build.0 = Debug|Win32
		{59E299C3-A3E3-43AD-A797-4293028B985A}.Release|x64.ActiveCfg = Release|x64
		{59E299C3-A3E3-43AD-A797-4293028B985A}.Release|x64.Build.0 = Release|x64
		{59E299C3-A3E3-43AD-A797-4293028B985A}.Release|x86.ActiveCfg = Release|Win32
		{59E299C3-A3E3-43AD-A797-4293028B985A}.Release|x86.Build.0 = Release|Win32
		{B3746627-E05F-4927-85ED-D6B09C32B48F}.Debug|x64.ActiveCfg = Debug|x64
		{B3746627-E05F-4927-85ED-D6B09C32B48F}.Debug|x64.Build.0 = Debug|x64
		{B3746627-E05F-4927-85ED-D6B09C32B48F}.Debug|x86.ActiveCfg = Debug|Win32
		{B3746627-E05F-4927-85ED-D6B09C32B48F}.Debug|x86.Build.0 = Debug|Win32
		{B3746627-E05F-4927-85ED-D6B09C32B48F}.Release|x64.ActiveCfg = Release|x64
		{B3746627-E05F-4927-85ED-D6B09C32B48F}.Release|x64.Build.0 = Release|x64
		{B3746627-E05F-4927-85ED-D6B09C32B48F}.Release|x86.ActiveCfg = Release|Win32
		{B3746627-E05F-4927-85ED-D6B09C32B48F}.Release|x86.Build.0 = Release|Win32
		{352D8B5D-0E47-4521-8405-4FBE6E97C120}.Debug|x64.ActiveCfg = Debug|x64
		{352D8B5D-0E47-4521-8405-4FBE6E97C120}.Debug|x64.Build.0 = Debug|x64
		{352D8B5D-0E47-4521-8405-4FBE6E97C120}.Debug|x86.ActiveCfg = Debug|Win32
		{352D8B5D-0E47-4521-8405-4FBE6E97C120}.Debug|x86.Build.0 = Debug|Win32
		{352D8B5D-0E47-4521-8405-4FBE6E97C120}.Release|x64.ActiveCfg = Release|x64
		{352D8B5D-0E47-4521-8405-4FBE6E97C120}.Release|x64.Build.0 = Release|x64
		{352D8B5D-0E47-4521-8405-4FBE6E97C120}.Release|x86.ActiveCfg = Release|Win32
		{352D8B5D-0E47-4521-8405-4FBE6E97C120}.Release|x86.Build.0 = Release|Win32
		{69147A2A-3514-4DFF-B9DC-76D174553196}.Debug|x64.ActiveCfg = Debug|x64
		{69147A2A-3514-4DFF-B9DC-76D174553196}.Debug|x64.Build.0 = Debug|x64
		{69147A2A-3514-4DFF-B9DC-76D174553196}.Debug|x86.ActiveCfg = Debug|Win32
		{69147A2A-3514-4DFF-B9DC-76D174553196}.Debug|x86.Build.0 = Debug|Win32
		{69147A2A-3514-4DFF-B9DC-76D174553196}.Release|x64.ActiveCfg = Release|x64
		{69147A2A-3514-4DFF-B9DC-76D174553196}.Release|x64.Build.0 = Release|x64
		{69147A2A-3514-4DFF-B9DC-76D174553196}.Release|x86.ActiveCfg = Release|Win32
		{69147A2A-3514-4DFF-B9DC-76D174553196}.Release|x86.Build.0 = Release|Win32
		{38875B7A-DC9A-4340-957C-733866DB4D05}.Debug|x64.ActiveCfg = Debug|x64
		{38875B7A-DC9A-4340-957C-733866DB4D05}.Debug|x64.Build.0 = Debug|x64
		{38875B7A-DC9A-4340-957C-733866DB4D05}.Debug|x86.ActiveCfg = Debug|Win32
		{38875B7A-DC9A-4340-957C-733866DB4D05}.Debug|x86.Build.0 = Debug|Win32
		{38875B7A-DC9A-4340-957C-733866DB4D05}.Release|x64.ActiveCfg = Release|x64
		{38875B7A-DC9A-4340-957C-733866DB4D05}.Release|x64.Build.0 = Release|x64
		{38875B7A-DC9A-4340-957C-733866DB4D05}.Release|x86.ActiveCfg = Release|Win32
		{38875B7A-DC9A-4340-957C-733866DB4D05}.Release|x86.Build.0 = Release|Win32
		{9D3AC3CC-70C4-42FB-9E57-C3DC6A2BA4D3}.Debug|x64.ActiveCfg = Debug|x64
		{9D3AC3CC-70C4-42FB-9E57-C3DC6A2BA4D3}.Debug|x64.Build.0 = Debug|x64
		{9D3AC3CC-70C4-42FB-9E57-C3DC6A2BA4D3}.Debug|x86.ActiveCfg = Debug|Win32
		{9D3AC3CC-70C4-42FB-9E57-C3DC6A2BA4D3}.Debug|x86.Build.0 = Debug|Win32
		{9D3AC3CC-70C4-42FB-9E57-C3DC6A2BA4D3}.Release|x64.ActiveCfg = Release|x64
		{9D3AC3CC-70C4-42FB-9E57-C3DC6A2BA4D3}.Release|x64.Build.0 = Release|x64
		{9D3AC3CC-70C4-42FB-9E57-C3DC6A2BA4D3}.Release|x86.ActiveCfg = Release|Win32
		{9D3AC3CC-70C4-42FB-9E57-C3DC6A2BA4D3}.Release|x86.Build.0 = Release|Win32
		{1BE15F23-B42F-4E40-9FB5-4F3EB2F23B36}.Debug|x64.ActiveCfg = Debug|x64
		{1BE15F23-B42F-4E40-9FB5-4F3EB2F23B36}.Debug|x64.Build.0 = Debug|x64
		{1BE15F23-B42F-4E40-9FB5-4F3EB2F23B36}.Debug|x86.ActiveCfg = Debug|Win32
		{1BE15F23-B42F-4E40-9FB5-4F3EB2F23B36}.Debug|x86.Build.0 = Debug|Win32
		{1BE15F23-B42F-4E40-9FB5-4F3EB2F23B36}.Release|x64.ActiveCfg = Release|x64
		{1BE15F23-B42F-4E40-9FB5-4F3EB2F23B36}.Release|x64.Build.0 = Release|x64
		{1BE15F23-B42F-4E40-9FB5-4F3EB2F23B36}.Release|x86.ActiveCfg = Release|Win32
		{1BE15F23-B42F-4E40-9FB5-4F3EB2F23B36}.Release|x86.Build.0 = Release|Win32
		{6E11377D-93F3-4430-BE4D-8B875CEE2D76}.Debug|x64.ActiveCfg = Debug|x64
		{6E11377D-93F3-4430-BE4D-8B875CEE2D76}.Debug|x64.Build.0 = Debug|x64
		{6E11377D-93F3-4430-BE4D-8B875CEE2D76}.Debug|x86.ActiveCfg = Debug|Win32
		{6E11377D-93F3-4430-BE4D-8B875CEE2D76}.Debug|x86.Build.0 = Debug|Win32
		{6E11377D-93F3-4430-BE4D-8B875CEE2D76}.Release|x64.ActiveCfg = Release|x64
		{6E11377D-93F3-4430-BE4D-8B875CEE2D76}.Release|x64.Build.0 = Release|x64
		{6E11377D-93F3-4430-BE4D-8B875CEE2D76}.Release|x86.ActiveCfg = Release|Win32
		{6E11377D-93F3-4430-BE4D-8B875CEE2D76}.Release|x86.Build.0 = Release|Win32
		{B2494B25-7FD1-4211-81CE-005126DA347D}.Debug|x64.ActiveCfg = Debug|x64
		{B2494B25-7FD1-4211-81CE-005126DA347D}.Debug|x64.Build.0 = Debug|x64
		{B2494B25-7FD1-4211-81CE-005126DA347D}.Debug|x86.ActiveCfg = Debug|Win32
		{B2494B25-7FD1-4211-81CE-005126DA347D}.Debug|x86.Build.0 = Debug|Win32
		{B2494B25-7FD1-4211-81CE-005126DA347D}.Release|x64.ActiveCfg = Release|x64
		{B2494B25-7FD1-4211-81CE-005126DA347D}.Release|x64.Build.0 = Release|x64
		{B2494B25-7FD1-4211-81CE-005126DA347D}.Release|x86.ActiveCfg = Release|Win32
		{B2494B25-7FD1-4211-81CE-005126DA347D}.Release|x86.Build.0 = Release|Win32
		{48922EA2-EC1E-4D4B-B8D5-4E653E581F83}.Debug|x64.ActiveCfg = Debug|x64
		{48922EA2-EC1E-4D4B-B8D5-4E653E581F83}.Debug|x64.Build.0 = Debug|x64
		{48922EA2-EC1E-4D4B-B8D5-4E653E581F83}.Debug|x86.ActiveCfg = Debug|Win32
		{48922EA2-EC1E-4D4B-B8D5-4E653E581F83}.Debug|x86.Build.0 = Debug|Win32
		{48922EA2-EC1E-4D4B-B8D5-4E653E581F83}.Release|x64.ActiveCfg = Release|x64
		{48922EA2-EC1E-4D4B-B8D5-4E653E581F83}.Release|x64.Build.0 = Release|x64
		{48922EA2-EC1E-4D4B-B8D5-4E653E581F83}.Release|x86.ActiveCfg = Release|Win32
		{48922EA2-EC1E-4D4B-B8D5-4E653E581F83}.Release|x86.Build.0 = Release|Win32
		{74089CBA-B3D7-4FFD-84B8-FE36BD3147A1}.Debug|x64.ActiveCfg = Debug|x64
		{74089CBA-B3D7-4FFD-84B8-FE36BD3147A1}.Debug|x64.Build.0 = Debug|x64
		{74089CBA-B3D7-4FFD-84B8-FE36BD3147A1}.Debug|x86.ActiveCfg = Debug|Win32
		{74089CBA-B3D7-4FFD-84B8-FE36BD3147A1}.Debug|x86.Build.0 = Debug|Win32
		{74089CBA-B3D7-4FFD-84B8-FE36BD3147A1}.Release|x64.ActiveCfg = Release|x64
		{74089CBA-B3D7-4FFD-84B8-FE36BD3147A1}.Release|x64.Build.0 = Release|x64
		{74089CBA-B3D7-4FFD-84B8-FE36BD3147A1}.Release|x86.ActiveCfg = Release|Win32
		{74089CBA-B3D7-4FFD-84B8-FE36BD3147A1}.Release|x86.Build.0 = Release|Win32
		{FBA8BA01-0223-49F1-B578-863C99FFD9FC}.Debug|x64.ActiveCfg = Debug|x64
		{FBA8BA01-0223-49F1-B578-863C99FFD9FC}.Debug|x64.Build.0 = Debug|x64
		{FBA8BA01-0223-49F1-B578-863C99FFD9FC}.Debug|x86.ActiveCfg = Debug|Win32
		{FBA8BA01-0223-49F1-B578-863C99FFD9FC}.Debug|x86.Build.0 = Debug|Win32
		{FBA8BA01-0223-49F1-B578-863C99FFD9FC}.Release|x64.ActiveCfg = Release|x64
		{FBA8BA01-0223-49F1-B578-863C99FFD9FC}.Release|x64.Build.0 = Release|x64
		{FBA8BA01-0223-49F1-B578-863C99FFD9FC}.Release|x86.ActiveCfg = Release|Win32
		{FBA8BA01-0223-49F1-B578-863C99FFD9FC}.Release|x86.Build.0 = Release|Win32
		{AEECDA64-C209-4201-B475-E3E56B182228}.Debug|x64.ActiveCfg = Debug|x64
		{AEECDA64-C209-4201-B475-E3E56B182228}.Debug|x64.Build.0 = Debug|x64
		{AEECDA64-C209-4201-B475-E3E56B182228}.Debug|x86.ActiveCfg = Debug|Win32
		{AEECDA64-C209-4201-B475-E3E56B182228}.Debug|x86.Build.0 = Debug|Win32
		{AEECDA64-C209-4201-B475-E3E56B182228}.Release|x64.ActiveCfg = Release|x64
		{AEECDA64-C209-4201-B475-E3E56B182228}.Release|x64.Build.0 = Release|x64
		{AEECDA64-C209-4201-B475-E3E56B182228}.Release|x86.ActiveCfg = Release|Win32
		{AEECDA64-C209-4201-B475-E3E56B182228}.Release|x86.Build.0 = Release|Win32
		{1E528470-F574-4BA7-B8C0-3ACCCA983830}.Debug|x64.ActiveCfg = Debug|x64
		{1E528470-F574-4BA7-B8C0-3ACCCA983830}.Debug|x64.Build.0 = Debug|x64
		{1E528470-F574-4BA7-B8C0-3ACCCA983830}.Debug|x86.ActiveCfg = Debug|Win32
		{1E528470-F574-4BA7-B8C0-3ACCCA983830}.Debug|x86.Build.0 = Debug|Win32
		{1E528470-F574-4BA7-B8C0-3ACCCA983830}.Release|x64.ActiveCfg = Release|x64
		{1E528470-F574-4BA7-B8C0-3ACCCA983830}.Release|x64.Build.0 = Release|x64
		{1E528470-F574-4BA7-B8C0-3ACCCA983830}.Release|x86.ActiveCfg = Release|Win32
		{1E528470-F574-4BA7-B8C0-3ACCCA983830}.Release|x86.Build.0 = Release|Win32
		{93F6241B-2CF2-4716-A8B3-AACB4919E146}.Debug|x64.ActiveCfg = Debug|x64
		{93F6241B-2CF2-4716-A8B3-AACB4919E146}.Debug|x64.Build.0 = Debug|x64
		{93F6241B-2CF2-4716-A8B3-AACB4919E146}.Debug|x86.ActiveCfg = Debug|Win32
		{93F6241B-2CF2-4716-A8B3-AACB4919E146}.Debug|x86.Build.0 = Debug|Win32
		{93F6241B-2CF2-4716-A8B3-AACB4919E146}.Release|x64.ActiveCfg = Release|x64
		{93F6241B-2CF2-4716-A8B3-AACB4919E146}.Release|x64.Build.0 = Release|x64
		{93F6241B-2CF2-4716-A8B3-AACB4919E146}.Release|x86.ActiveCfg = Release|Win32
		{93F6241B-2CF2-4716-A8B3-AACB4919E146}.Release|x86.Build.0 = Release|Win32
		{12ACAF93-9E04-4359-AAC1-2BE0D8C57E83}.Debug|x64.ActiveCfg = Debug|x64
		{12ACAF93-9E04-4359-AAC1-2BE0D8C57E83}.Debug|x64.Build.0 = Debug|x64
		{12ACAF93-9E04-4359-AAC1-2BE0D8C57E83}.Debug|x86.ActiveCfg = Debug|Win32
		{12ACAF93-9E04-4359-AAC1-2BE0D8C57E83}.Debug|x86.Build.0 = Debug|Win32
		{12ACAF93-9E04-4359-AAC1-2BE0D8C57E83}.Release|x64.ActiveCfg = Release|x64
		{12ACAF93-9E04-4359-AAC1-2BE0D8C57E83}.Release|x64.Build.0 = Release|x64
		{12ACAF93-9E04-4359-AAC1-2BE0D8C57E83}.Release|x86.ActiveCfg = Release|Win32
		{12ACAF93-9E04-4359-AAC1-2BE0D8C57E83}.Release|x86.Build.0 = Release|Win32
		{E5514B29-4273-475B-B2FF-082C723B142D}.Debug|x64.ActiveCfg = Debug|x64
		{E5514B29-4273-475B-B2FF-082C723B142D}.Debug|x64.Build.0 = Debug|x64
		{E5514B29-4273-475B-B2FF-082C723B142D}.Debug|x86.ActiveCfg = Debug|Win32
		{E5514B29-4273-475B-B2FF-082C723B142D}.Debug|x86.Build.0 = Debug|Win32
		{E5514B29-4273-475B-B2FF-082C723B142D}.Release|x64.ActiveCfg = Release|x64
		{E5514B29-4273-475B-B2FF-082C723B142D}.Release|x64.Build.0 = Release|x64
		{E5514B29-4273-475B-B2FF-082C723B142D}.Release|x86.ActiveCfg = Release|Win32
		{E5514B29-4273-475B-B2FF-082C723B142D}.Release|x86.Build.0 = Release|Win32
		{1534D030-AAE2-4784-AC0D-8C7F7E549CF7}.Debug|x64.ActiveCfg = Debug|x64
		{1534D030-AAE2-4784-AC0D-8C7F7E549CF7}.Debug|x64.Build.0 = Debug|x64
		{1534D030-AAE2-4784-AC0D-8C7F7E549CF7}.Debug|x86.ActiveCfg = Debug|Win32
		{1534D030-AAE2-4784-AC0D-8C7F7E549CF7}.Debug|x86.Build.0 = Debug|Win32
		{1534D030-AAE2-4784-AC0D-8C7F7E549CF7}.Release|x64.ActiveCfg = Release|x64
		{1534D030-AAE2-4784-AC0D-8C7F7E549CF7}.Release|x64.Build.0 = Release|x64
		{1534D030-AAE2-4784-AC0D-8C7F7E549CF7}.Release|x86.ActiveCfg = Release|Win32
		{1534D030-AAE2-4784-AC0D-8C7F7E549CF7}.Release|x86.Build.0 = Release|Win32
		{D8C5147D-0A65-45F9-84F1-95B096F1FD57}.Debug|x64.ActiveCfg = Debug|x64
		{D8C5147D-0A65-45F9-84F1-95B096F1FD57}.Debug|x64.Build.0 = Debug|x64
		{D8C5147D-0A65-45F9-84F1-95B096F1FD57}.Debug|x86.ActiveCfg = Debug|Win32
		{D8C5147D-0A65-45F9-84F1-95B096F1FD57}.Debug|x86.Build.0 = Debug|Win32
		{D8C5147D-0A65-45F9-84F1-95B096F1FD57}.Release|x64.ActiveCfg = Release|x64
		{D8C5147D-0A65-45F9-84F1-95B096F1FD57}.Release|x64.Build.0 = Release|x64
		{D8C5147D-0A65-45F9-84F1-95B096F1FD57}.Release|x86.ActiveCfg = Release|Win32
		{D8C5147D-0A65-45F9-84F1-95B096F1FD57}.Release|x86.Build.0 = Release|Win32
		{A0E6A1C8-C888-421C-AECC-19539905C2EF}.Debug|x64.ActiveCfg = Debug|x64
		{A0E6A1C8-C888-421C-AECC-19539905C2EF}.Debug|x64.Build.0 = Debug|x64
		{A0E6A1C8-C888-421C-AECC-19539905C2EF}.Debug|x86.ActiveCfg = Debug|Win32
		{A0E6A1C8-C888-421C-AECC-19539905C2EF}.Debug|x86.Build.0 = Debug|Win32
		{A0E6A1C8-C888-421C-AECC-19539905C2EF}.Release|x64.ActiveCfg = Release|x64
		{A0E6A1C8-C888-421C-AECC-19539905C2EF}.Release|x64.Build.0 = Release|x64
		{A0E6A1C8-C888-421C-AECC-19539905C2EF}.Release|x86.ActiveCfg = Release|Win32
		{A0E6A1C8-C888-421C-AECC-19539905C2EF}.Release|x86.Build.0 = Release|Win32
		{7E014230-8780-4751-878B-44B3866A42F2}.Debug|x64.ActiveCfg = Debug|x64
		{7E014230-8780-4751-878B-44B3866A42F2}.Debug|x64.Build.0 = Debug|x64
		{7E014230-8780-4751-878B-44B3866A42F2}.Debug|x86.ActiveCfg = Debug|Win32
		{7E014230-8780-4751-878B-44B3866A42F2}.Debug|x86.Build.0 = Debug|Win32
		{7E014230-8780-4751-878B-44B3866A42F2}.Release|x64.ActiveCfg = Release|x64
		{7E014230-8780-4751-878B-44B3866A42F2}.Release|x64.Build.0 = Release|x64
		{7E014230-8780-4751-878B-44B3866A42F2}.Release|x86.ActiveCfg = Release|Win32
		{7E014230-8780-4751-878B-44B3866A42F2}.Release|x86.Build.0 = Release|Win32
		{AA2E25B7-27D1-4369-94B9-ECEDE43E6C36}.Debug|x64.ActiveCfg = Debug|x64
		{AA2E25B7-27D1-4369-94B9-ECEDE43E6C36}.Debug|x64.Build.0 = Debug|x64
		{AA2E25B7-27D1-4369-94B9-ECEDE43E6C36}.Debug|x86.ActiveCfg = Debug|Win32
		{AA2E25B7-27D1-4369-94B9-ECEDE43E6C36}.Debug|x86.Build.0 = Debug|Win32
		{AA2E25B7-27D1-4369-94B9-ECEDE43E6C36}.Release|x64.ActiveCfg = Release|x64
		{AA2E25B7-27D1-4369-94B9-ECEDE43E6C36}.Release|x64.Build.0 = Release|x64
		{AA2E25B7-27D1-4369-94B9-ECEDE43E6C36}.Release|x86.ActiveCfg = Release|Win32
		{AA2E25B7-27D1-4369-94B9-ECEDE43E6C36}.Release|x86.Build.0 = Release|Win32
		{98F2B2C4-7B5D-41F4-9E16-45601B38F4C7}.Debug|x64.ActiveCfg = Debug|x64
		{98F2B2C4-7B5D-41F4-9E16-45601B38F4C7}.Debug|x64.Build.0 = Debug|x64
		{98F2B2C4-7B5D-41F4-9E16-45601B38F4C7}.Debug|x86.ActiveCfg = Debug|Win32
		{98F2B2C4-7B5D-41F4-9E16-45601B38F4C7}.Debug|x86.Build.0 = Debug|Win32
		{98F2B2C4-7B5D-41F4-9E16-45601B38F4C7}.Release|x64.ActiveCfg = Release|x64
		{98F2B2C4-7B5D-41F4-9E16-45601B38F4C7}.Release|x64.Build.0 = Release|x64
		{98F2B2C4-7B5D-41F4-9E16-45601B38F4C7}.Release|x86.ActiveCfg = Release|Win32
		{98F2B2C4-7B5D-41F4-9E16-45601B38F4C7}.Release|x86.Build.0 = Release|Win32
		{4D679960-3B99-419F-99A9-73B1E2979469}.Debug|x64.ActiveCfg = Debug|x64
		{4D679960-3B99-419F-99A9-73B1E2979469}.Debug|x64.Build.0 = Debug|x64
		{4D679960-3B99-419F-99A9-73B1E2979469}.Debug|x86.ActiveCfg = Debug|Win32
		{4D679960-3B99-419F-99A9-73B1E2979469}.Debug|x86.Build.0 = Debug|Win32
		{4D679960-3B99-419F-99A9-73B1E2979469}.Release|x64.ActiveCfg = Release|x64
		{4D679960-3B99-419F-99A9-73B1E2979469}.Release|x64.Build.0 = Release|x64
		{4D679960-3B99-419F-99A9-73B1E2979469}.Release|x86.ActiveCfg = Release|Win32
		{4D679960-3B99-419F-99A9-73B1E2979469}.Release|x86.Build.0 = Release|Win32
		{66980EB1-DB46-442D-B85A-199EEB1C57B8}.Debug|x64.ActiveCfg = Debug|x64
		{66980EB1-DB46-442D-B85A-199EEB1C57B8}.Debug|x64.Build.0 = Debug|x64
		{66980EB1-DB46-442D-B85A-199EEB1C57B8}.Debug|x86.ActiveCfg = Debug|Win32
		{66980EB1-DB46-442D-B85A-199EEB1C57B8}.Debug|x86.Build.0 = Debug|Win32
		{66980EB1-DB46-442D-B85A-199EEB1C57B8}.Release|x64.ActiveCfg = Release|x64
		{66980EB1-DB46-442D-B85A-199EEB1C57B8}.Release|x64.Build.0 = Release|x64
		{66980EB1-DB46-442D-B85A-199EEB1C57B8}.Release|x86.ActiveCfg = Release|Win32
		{66980EB1-DB46-442D-B85A-199EEB1C57B8}.Release|x86.Build.0 = Release|Win32
	EndGlobalSection
	GlobalSection(SolutionProperties) = preSolution
		HideSolutionNode = FALSE
	EndGlobalSection
	GlobalSection(ExtensibilityGlobals) = postSolution
		SolutionGuid = {2F7224E2-5271-48BE-A1DF-45C5B6487DC3}
	EndGlobalSection
EndGlobal
